
Microsoft Visual Studio Solution File, Format Version 12.00
# Visual Studio Version 17
VisualStudioVersion = 17.0.31903.59
MinimumVisualStudioVersion = 10.0.40219.1
Project("{2150E333-8FDC-42A3-9474-1A3956D46DE8}") = "Services", "Services", "{C2BB31D4-A92F-4E2B-BFFF-31494F9A555B}"
EndProject
Project("{2150E333-8FDC-42A3-9474-1A3956D46DE8}") = "Catalog", "Catalog", "{FFEB6D63-B3F1-47F6-8766-9B5B50854256}"
EndProject
Project("{FAE04EC0-301F-11D3-BF4B-00C04F79EFBC}") = "Catalog.Api", "Services\Catalog\Catalog.Api\Catalog.Api.csproj", "{B7F6DF2B-769F-486E-8F3D-FCBE8967AA0E}"
EndProject
Project("{FAE04EC0-301F-11D3-BF4B-00C04F79EFBC}") = "Catalog.Grpc", "Services\Catalog\Catalog.Grpc\Catalog.Grpc.csproj", "{011B0FA1-CD1E-4BF3-B843-3CB023727F9E}"
EndProject
Project("{FAE04EC0-301F-11D3-BF4B-00C04F79EFBC}") = "Catalog.Core", "Services\Catalog\Catalog.Core\Catalog.Core.csproj", "{88EC26BD-377A-4D74-8D12-2C35F3803FFE}"
EndProject
Project("{2150E333-8FDC-42A3-9474-1A3956D46DE8}") = "Cart", "Cart", "{3539C2D8-6C6E-4ED6-9B01-BF248940A9F4}"
EndProject
Project("{FAE04EC0-301F-11D3-BF4B-00C04F79EFBC}") = "Cart.Api", "Services\Cart\Cart.Api\Cart.Api.csproj", "{AEC04772-08B9-420B-A35F-92F5895EC9CB}"
EndProject
Project("{2150E333-8FDC-42A3-9474-1A3956D46DE8}") = "Discount", "Discount", "{991C10CF-E3A9-4DA6-BA38-675355C404A9}"
EndProject
Project("{FAE04EC0-301F-11D3-BF4B-00C04F79EFBC}") = "Discount.Api", "Services\Discount\Discount.Api\Discount.Api.csproj", "{DFDE9678-49A7-4D12-9236-51FA9178AD5B}"
EndProject
Project("{2150E333-8FDC-42A3-9474-1A3956D46DE8}") = "Order", "Order", "{831279D5-2009-490E-B038-0C35833871E1}"
EndProject
Project("{FAE04EC0-301F-11D3-BF4B-00C04F79EFBC}") = "Order.Api", "Services\Order\Order.Api\Order.Api.csproj", "{BD53BBFA-EF75-4913-83B5-2104525AECB9}"
EndProject
Project("{FAE04EC0-301F-11D3-BF4B-00C04F79EFBC}") = "Order.Application", "Services\Order\Order.Application\Order.Application.csproj", "{44379C51-510A-46A6-925F-58FC90C90FEF}"
EndProject
Project("{FAE04EC0-301F-11D3-BF4B-00C04F79EFBC}") = "Order.Domain", "Services\Order\Order.Domain\Order.Domain.csproj", "{02029512-5B11-4536-B4A2-178DB24FBABF}"
EndProject
Project("{FAE04EC0-301F-11D3-BF4B-00C04F79EFBC}") = "Order.Infrastructure", "Services\Order\Order.Infrastructure\Order.Infrastructure.csproj", "{C3611BE4-7798-4B69-B832-C8A87705154C}"
EndProject
Project("{FAE04EC0-301F-11D3-BF4B-00C04F79EFBC}") = "MessageBus.Core", "MessageBus.Core\MessageBus.Core.csproj", "{7CA9FFE2-EC67-4BF1-ABA7-59A6AE3BAE32}"
EndProject
Project("{FAE04EC0-301F-11D3-BF4B-00C04F79EFBC}") = "ApiGateway", "ApiGateway\ApiGateway.csproj", "{131E45FF-0C06-460B-946D-51BF1C82E913}"
EndProject
Global
	GlobalSection(SolutionConfigurationPlatforms) = preSolution
		Debug|Any CPU = Debug|Any CPU
		Release|Any CPU = Release|Any CPU
	EndGlobalSection
	GlobalSection(SolutionProperties) = preSolution
		HideSolutionNode = FALSE
	EndGlobalSection
	GlobalSection(ProjectConfigurationPlatforms) = postSolution
		{B7F6DF2B-769F-486E-8F3D-FCBE8967AA0E}.Debug|Any CPU.ActiveCfg = Debug|Any CPU
		{B7F6DF2B-769F-486E-8F3D-FCBE8967AA0E}.Debug|Any CPU.Build.0 = Debug|Any CPU
		{B7F6DF2B-769F-486E-8F3D-FCBE8967AA0E}.Release|Any CPU.ActiveCfg = Release|Any CPU
		{B7F6DF2B-769F-486E-8F3D-FCBE8967AA0E}.Release|Any CPU.Build.0 = Release|Any CPU
		{011B0FA1-CD1E-4BF3-B843-3CB023727F9E}.Debug|Any CPU.ActiveCfg = Debug|Any CPU
		{011B0FA1-CD1E-4BF3-B843-3CB023727F9E}.Debug|Any CPU.Build.0 = Debug|Any CPU
		{011B0FA1-CD1E-4BF3-B843-3CB023727F9E}.Release|Any CPU.ActiveCfg = Release|Any CPU
		{011B0FA1-CD1E-4BF3-B843-3CB023727F9E}.Release|Any CPU.Build.0 = Release|Any CPU
		{88EC26BD-377A-4D74-8D12-2C35F3803FFE}.Debug|Any CPU.ActiveCfg = Debug|Any CPU
		{88EC26BD-377A-4D74-8D12-2C35F3803FFE}.Debug|Any CPU.Build.0 = Debug|Any CPU
		{88EC26BD-377A-4D74-8D12-2C35F3803FFE}.Release|Any CPU.ActiveCfg = Release|Any CPU
		{88EC26BD-377A-4D74-8D12-2C35F3803FFE}.Release|Any CPU.Build.0 = Release|Any CPU
		{AEC04772-08B9-420B-A35F-92F5895EC9CB}.Debug|Any CPU.ActiveCfg = Debug|Any CPU
		{AEC04772-08B9-420B-A35F-92F5895EC9CB}.Debug|Any CPU.Build.0 = Debug|Any CPU
		{AEC04772-08B9-420B-A35F-92F5895EC9CB}.Release|Any CPU.ActiveCfg = Release|Any CPU
		{AEC04772-08B9-420B-A35F-92F5895EC9CB}.Release|Any CPU.Build.0 = Release|Any CPU
		{DFDE9678-49A7-4D12-9236-51FA9178AD5B}.Debug|Any CPU.ActiveCfg = Debug|Any CPU
		{DFDE9678-49A7-4D12-9236-51FA9178AD5B}.Debug|Any CPU.Build.0 = Debug|Any CPU
		{DFDE9678-49A7-4D12-9236-51FA9178AD5B}.Release|Any CPU.ActiveCfg = Release|Any CPU
		{DFDE9678-49A7-4D12-9236-51FA9178AD5B}.Release|Any CPU.Build.0 = Release|Any CPU
		{BD53BBFA-EF75-4913-83B5-2104525AECB9}.Debug|Any CPU.ActiveCfg = Debug|Any CPU
		{BD53BBFA-EF75-4913-83B5-2104525AECB9}.Debug|Any CPU.Build.0 = Debug|Any CPU
		{BD53BBFA-EF75-4913-83B5-2104525AECB9}.Release|Any CPU.ActiveCfg = Release|Any CPU
		{BD53BBFA-EF75-4913-83B5-2104525AECB9}.Release|Any CPU.Build.0 = Release|Any CPU
		{44379C51-510A-46A6-925F-58FC90C90FEF}.Debug|Any CPU.ActiveCfg = Debug|Any CPU
		{44379C51-510A-46A6-925F-58FC90C90FEF}.Debug|Any CPU.Build.0 = Debug|Any CPU
		{44379C51-510A-46A6-925F-58FC90C90FEF}.Release|Any CPU.ActiveCfg = Release|Any CPU
		{44379C51-510A-46A6-925F-58FC90C90FEF}.Release|Any CPU.Build.0 = Release|Any CPU
		{02029512-5B11-4536-B4A2-178DB24FBABF}.Debug|Any CPU.ActiveCfg = Debug|Any CPU
		{02029512-5B11-4536-B4A2-178DB24FBABF}.Debug|Any CPU.Build.0 = Debug|Any CPU
		{02029512-5B11-4536-B4A2-178DB24FBABF}.Release|Any CPU.ActiveCfg = Release|Any CPU
		{02029512-5B11-4536-B4A2-178DB24FBABF}.Release|Any CPU.Build.0 = Release|Any CPU
		{C3611BE4-7798-4B69-B832-C8A87705154C}.Debug|Any CPU.ActiveCfg = Debug|Any CPU
		{C3611BE4-7798-4B69-B832-C8A87705154C}.Debug|Any CPU.Build.0 = Debug|Any CPU
		{C3611BE4-7798-4B69-B832-C8A87705154C}.Release|Any CPU.ActiveCfg = Release|Any CPU
		{C3611BE4-7798-4B69-B832-C8A87705154C}.Release|Any CPU.Build.0 = Release|Any CPU
		{7CA9FFE2-EC67-4BF1-ABA7-59A6AE3BAE32}.Debug|Any CPU.ActiveCfg = Debug|Any CPU
		{7CA9FFE2-EC67-4BF1-ABA7-59A6AE3BAE32}.Debug|Any CPU.Build.0 = Debug|Any CPU
		{7CA9FFE2-EC67-4BF1-ABA7-59A6AE3BAE32}.Release|Any CPU.ActiveCfg = Release|Any CPU
		{7CA9FFE2-EC67-4BF1-ABA7-59A6AE3BAE32}.Release|Any CPU.Build.0 = Release|Any CPU
		{131E45FF-0C06-460B-946D-51BF1C82E913}.Debug|Any CPU.ActiveCfg = Debug|Any CPU
		{131E45FF-0C06-460B-946D-51BF1C82E913}.Debug|Any CPU.Build.0 = Debug|Any CPU
		{131E45FF-0C06-460B-946D-51BF1C82E913}.Release|Any CPU.ActiveCfg = Release|Any CPU
		{131E45FF-0C06-460B-946D-51BF1C82E913}.Release|Any CPU.Build.0 = Release|Any CPU
	EndGlobalSection
	GlobalSection(NestedProjects) = preSolution
		{FFEB6D63-B3F1-47F6-8766-9B5B50854256} = {C2BB31D4-A92F-4E2B-BFFF-31494F9A555B}
		{B7F6DF2B-769F-486E-8F3D-FCBE8967AA0E} = {FFEB6D63-B3F1-47F6-8766-9B5B50854256}
		{011B0FA1-CD1E-4BF3-B843-3CB023727F9E} = {FFEB6D63-B3F1-47F6-8766-9B5B50854256}
		{88EC26BD-377A-4D74-8D12-2C35F3803FFE} = {FFEB6D63-B3F1-47F6-8766-9B5B50854256}
		{3539C2D8-6C6E-4ED6-9B01-BF248940A9F4} = {C2BB31D4-A92F-4E2B-BFFF-31494F9A555B}
		{AEC04772-08B9-420B-A35F-92F5895EC9CB} = {3539C2D8-6C6E-4ED6-9B01-BF248940A9F4}
		{991C10CF-E3A9-4DA6-BA38-675355C404A9} = {C2BB31D4-A92F-4E2B-BFFF-31494F9A555B}
		{DFDE9678-49A7-4D12-9236-51FA9178AD5B} = {991C10CF-E3A9-4DA6-BA38-675355C404A9}
		{831279D5-2009-490E-B038-0C35833871E1} = {C2BB31D4-A92F-4E2B-BFFF-31494F9A555B}
		{BD53BBFA-EF75-4913-83B5-2104525AECB9} = {831279D5-2009-490E-B038-0C35833871E1}
		{44379C51-510A-46A6-925F-58FC90C90FEF} = {831279D5-2009-490E-B038-0C35833871E1}
		{02029512-5B11-4536-B4A2-178DB24FBABF} = {831279D5-2009-490E-B038-0C35833871E1}
		{C3611BE4-7798-4B69-B832-C8A87705154C} = {831279D5-2009-490E-B038-0C35833871E1}
	EndGlobalSection
EndGlobal
